// !$*UTF8*$!
{
	archiveVersion = 1;
	classes = {
	};
	objectVersion = 50;
	objects = {

/* Begin PBXBuildFile section */
		0A4915502492BE8A005DFEC3 /* EmojiArt.swift in Sources */ = {isa = PBXBuildFile; fileRef = 0A49154F2492BE8A005DFEC3 /* EmojiArt.swift */; };
		0A4915532492C2F6005DFEC3 /* CollectionExtension.swift in Sources */ = {isa = PBXBuildFile; fileRef = 0A4915522492C2F6005DFEC3 /* CollectionExtension.swift */; };
		0A4915552492C438005DFEC3 /* URLExtension.swift in Sources */ = {isa = PBXBuildFile; fileRef = 0A4915542492C438005DFEC3 /* URLExtension.swift */; };
		0AD52C032492B8120060C3BD /* AppDelegate.swift in Sources */ = {isa = PBXBuildFile; fileRef = 0AD52C022492B8120060C3BD /* AppDelegate.swift */; };
		0AD52C052492B8120060C3BD /* SceneDelegate.swift in Sources */ = {isa = PBXBuildFile; fileRef = 0AD52C042492B8120060C3BD /* SceneDelegate.swift */; };
		0AD52C072492B8120060C3BD /* EmojiArtDocumentView.swift in Sources */ = {isa = PBXBuildFile; fileRef = 0AD52C062492B8120060C3BD /* EmojiArtDocumentView.swift */; };
		0AD52C092492B8190060C3BD /* Assets.xcassets in Resources */ = {isa = PBXBuildFile; fileRef = 0AD52C082492B8190060C3BD /* Assets.xcassets */; };
		0AD52C0C2492B8190060C3BD /* Preview Assets.xcassets in Resources */ = {isa = PBXBuildFile; fileRef = 0AD52C0B2492B8190060C3BD /* Preview Assets.xcassets */; };
		0AD52C0F2492B8190060C3BD /* LaunchScreen.storyboard in Resources */ = {isa = PBXBuildFile; fileRef = 0AD52C0D2492B8190060C3BD /* LaunchScreen.storyboard */; };
		0AD52C172492B82F0060C3BD /* EmojiArtDocument.swift in Sources */ = {isa = PBXBuildFile; fileRef = 0AD52C162492B82F0060C3BD /* EmojiArtDocument.swift */; };
/* End PBXBuildFile section */

/* Begin PBXFileReference section */
		0A49154F2492BE8A005DFEC3 /* EmojiArt.swift */ = {isa = PBXFileReference; lastKnownFileType = sourcecode.swift; path = EmojiArt.swift; sourceTree = "<group>"; };
		0A4915522492C2F6005DFEC3 /* CollectionExtension.swift */ = {isa = PBXFileReference; lastKnownFileType = sourcecode.swift; path = CollectionExtension.swift; sourceTree = "<group>"; };
		0A4915542492C438005DFEC3 /* URLExtension.swift */ = {isa = PBXFileReference; lastKnownFileType = sourcecode.swift; path = URLExtension.swift; sourceTree = "<group>"; };
		0AD52BFF2492B8120060C3BD /* EmojiArt.app */ = {isa = PBXFileReference; explicitFileType = wrapper.application; includeInIndex = 0; path = EmojiArt.app; sourceTree = BUILT_PRODUCTS_DIR; };
		0AD52C022492B8120060C3BD /* AppDelegate.swift */ = {isa = PBXFileReference; lastKnownFileType = sourcecode.swift; path = AppDelegate.swift; sourceTree = "<group>"; };
		0AD52C042492B8120060C3BD /* SceneDelegate.swift */ = {isa = PBXFileReference; lastKnownFileType = sourcecode.swift; path = SceneDelegate.swift; sourceTree = "<group>"; };
		0AD52C062492B8120060C3BD /* EmojiArtDocumentView.swift */ = {isa = PBXFileReference; lastKnownFileType = sourcecode.swift; path = EmojiArtDocumentView.swift; sourceTree = "<group>"; };
		0AD52C082492B8190060C3BD /* Assets.xcassets */ = {isa = PBXFileReference; lastKnownFileType = folder.assetcatalog; path = Assets.xcassets; sourceTree = "<group>"; };
		0AD52C0B2492B8190060C3BD /* Preview Assets.xcassets */ = {isa = PBXFileReference; lastKnownFileType = folder.assetcatalog; path = "Preview Assets.xcassets"; sourceTree = "<group>"; };
		0AD52C0E2492B8190060C3BD /* Base */ = {isa = PBXFileReference; lastKnownFileType = file.storyboard; name = Base; path = Base.lproj/LaunchScreen.storyboard; sourceTree = "<group>"; };
		0AD52C102492B8190060C3BD /* Info.plist */ = {isa = PBXFileReference; lastKnownFileType = text.plist.xml; path = Info.plist; sourceTree = "<group>"; };
		0AD52C162492B82F0060C3BD /* EmojiArtDocument.swift */ = {isa = PBXFileReference; lastKnownFileType = sourcecode.swift; path = EmojiArtDocument.swift; sourceTree = "<group>"; };
/* End PBXFileReference section */

/* Begin PBXFrameworksBuildPhase section */
		0AD52BFC2492B8120060C3BD /* Frameworks */ = {
			isa = PBXFrameworksBuildPhase;
			buildActionMask = 2147483647;
			files = (
			);
			runOnlyForDeploymentPostprocessing = 0;
		};
/* End PBXFrameworksBuildPhase section */

/* Begin PBXGroup section */
		0A4915512492C2D3005DFEC3 /* Extensions */ = {
			isa = PBXGroup;
			children = (
				0A4915522492C2F6005DFEC3 /* CollectionExtension.swift */,
				0A4915542492C438005DFEC3 /* URLExtension.swift */,
			);
			path = Extensions;
			sourceTree = "<group>";
		};
		0AD52BF62492B8120060C3BD = {
			isa = PBXGroup;
			children = (
				0AD52C012492B8120060C3BD /* EmojiArt */,
				0AD52C002492B8120060C3BD /* Products */,
			);
			sourceTree = "<group>";
		};
		0AD52C002492B8120060C3BD /* Products */ = {
			isa = PBXGroup;
			children = (
				0AD52BFF2492B8120060C3BD /* EmojiArt.app */,
			);
			name = Products;
			sourceTree = "<group>";
		};
		0AD52C012492B8120060C3BD /* EmojiArt */ = {
			isa = PBXGroup;
			children = (
				0A4915512492C2D3005DFEC3 /* Extensions */,
				0AD52C1A2492B8420060C3BD /* Model */,
				0AD52C192492B83D0060C3BD /* View */,
				0AD52C182492B8330060C3BD /* ViewModel */,
				0AD52C022492B8120060C3BD /* AppDelegate.swift */,
				0AD52C042492B8120060C3BD /* SceneDelegate.swift */,
				0AD52C082492B8190060C3BD /* Assets.xcassets */,
				0AD52C0D2492B8190060C3BD /* LaunchScreen.storyboard */,
				0AD52C102492B8190060C3BD /* Info.plist */,
				0AD52C0A2492B8190060C3BD /* Preview Content */,
			);
			path = EmojiArt;
			sourceTree = "<group>";
		};
		0AD52C0A2492B8190060C3BD /* Preview Content */ = {
			isa = PBXGroup;
			children = (
				0AD52C0B2492B8190060C3BD /* Preview Assets.xcassets */,
			);
			path = "Preview Content";
			sourceTree = "<group>";
		};
		0AD52C182492B8330060C3BD /* ViewModel */ = {
			isa = PBXGroup;
			children = (
				0AD52C162492B82F0060C3BD /* EmojiArtDocument.swift */,
			);
			path = ViewModel;
			sourceTree = "<group>";
		};
		0AD52C192492B83D0060C3BD /* View */ = {
			isa = PBXGroup;
			children = (
				0AD52C062492B8120060C3BD /* EmojiArtDocumentView.swift */,
			);
			path = View;
			sourceTree = "<group>";
		};
		0AD52C1A2492B8420060C3BD /* Model */ = {
			isa = PBXGroup;
			children = (
				0A49154F2492BE8A005DFEC3 /* EmojiArt.swift */,
			);
			path = Model;
			sourceTree = "<group>";
		};
/* End PBXGroup section */

/* Begin PBXNativeTarget section */
		0AD52BFE2492B8120060C3BD /* EmojiArt */ = {
			isa = PBXNativeTarget;
			buildConfigurationList = 0AD52C132492B8190060C3BD /* Build configuration list for PBXNativeTarget "EmojiArt" */;
			buildPhases = (
				0AD52BFB2492B8120060C3BD /* Sources */,
				0AD52BFC2492B8120060C3BD /* Frameworks */,
				0AD52BFD2492B8120060C3BD /* Resources */,
			);
			buildRules = (
			);
			dependencies = (
			);
			name = EmojiArt;
			productName = EmojiArt;
			productReference = 0AD52BFF2492B8120060C3BD /* EmojiArt.app */;
			productType = "com.apple.product-type.application";
		};
/* End PBXNativeTarget section */

/* Begin PBXProject section */
		0AD52BF72492B8120060C3BD /* Project object */ = {
			isa = PBXProject;
			attributes = {
				LastSwiftUpdateCheck = 1150;
				LastUpgradeCheck = 1150;
				ORGANIZATIONNAME = "Jack Wong";
				TargetAttributes = {
					0AD52BFE2492B8120060C3BD = {
						CreatedOnToolsVersion = 11.5;
					};
				};
			};
			buildConfigurationList = 0AD52BFA2492B8120060C3BD /* Build configuration list for PBXProject "EmojiArt" */;
			compatibilityVersion = "Xcode 9.3";
			developmentRegion = en;
			hasScannedForEncodings = 0;
			knownRegions = (
				en,
				Base,
			);
			mainGroup = 0AD52BF62492B8120060C3BD;
			productRefGroup = 0AD52C002492B8120060C3BD /* Products */;
			projectDirPath = "";
			projectRoot = "";
			targets = (
				0AD52BFE2492B8120060C3BD /* EmojiArt */,
			);
		};
/* End PBXProject section */

/* Begin PBXResourcesBuildPhase section */
		0AD52BFD2492B8120060C3BD /* Resources */ = {
			isa = PBXResourcesBuildPhase;
			buildActionMask = 2147483647;
			files = (
				0AD52C0F2492B8190060C3BD /* LaunchScreen.storyboard in Resources */,
				0AD52C0C2492B8190060C3BD /* Preview Assets.xcassets in Resources */,
				0AD52C092492B8190060C3BD /* Assets.xcassets in Resources */,
			);
			runOnlyForDeploymentPostprocessing = 0;
		};
/* End PBXResourcesBuildPhase section */

/* Begin PBXSourcesBuildPhase section */
		0AD52BFB2492B8120060C3BD /* Sources */ = {
			isa = PBXSourcesBuildPhase;
			buildActionMask = 2147483647;
			files = (
				0AD52C032492B8120060C3BD /* AppDelegate.swift in Sources */,
				0A4915552492C438005DFEC3 /* URLExtension.swift in Sources */,
				0AD52C052492B8120060C3BD /* SceneDelegate.swift in Sources */,
				0A4915502492BE8A005DFEC3 /* EmojiArt.swift in Sources */,
				0AD52C072492B8120060C3BD /* EmojiArtDocumentView.swift in Sources */,
				0AD52C172492B82F0060C3BD /* EmojiArtDocument.swift in Sources */,
				0A4915532492C2F6005DFEC3 /* CollectionExtension.swift in Sources */,
			);
			runOnlyForDeploymentPostprocessing = 0;
		};
/* End PBXSourcesBuildPhase section */

/* Begin PBXVariantGroup section */
		0AD52C0D2492B8190060C3BD /* LaunchScreen.storyboard */ = {
			isa = PBXVariantGroup;
			children = (
				0AD52C0E2492B8190060C3BD /* Base */,
			);
			name = LaunchScreen.storyboard;
			sourceTree = "<group>";
		};
/* End PBXVariantGroup section */

/* Begin XCBuildConfiguration section */
		0AD52C112492B8190060C3BD /* Debug */ = {
			isa = XCBuildConfiguration;
			buildSettings = {
				ALWAYS_SEARCH_USER_PATHS = NO;
				CLANG_ANALYZER_NONNULL = YES;
				CLANG_ANALYZER_NUMBER_OBJECT_CONVERSION = YES_AGGRESSIVE;
				CLANG_CXX_LANGUAGE_STANDARD = "gnu++14";
				CLANG_CXX_LIBRARY = "libc++";
				CLANG_ENABLE_MODULES = YES;
				CLANG_ENABLE_OBJC_ARC = YES;
				CLANG_ENABLE_OBJC_WEAK = YES;
				CLANG_WARN_BLOCK_CAPTURE_AUTORELEASING = YES;
				CLANG_WARN_BOOL_CONVERSION = YES;
				CLANG_WARN_COMMA = YES;
				CLANG_WARN_CONSTANT_CONVERSION = YES;
				CLANG_WARN_DEPRECATED_OBJC_IMPLEMENTATIONS = YES;
				CLANG_WARN_DIRECT_OBJC_ISA_USAGE = YES_ERROR;
				CLANG_WARN_DOCUMENTATION_COMMENTS = YES;
				CLANG_WARN_EMPTY_BODY = YES;
				CLANG_WARN_ENUM_CONVERSION = YES;
				CLANG_WARN_INFINITE_RECURSION = YES;
				CLANG_WARN_INT_CONVERSION = YES;
				CLANG_WARN_NON_LITERAL_NULL_CONVERSION = YES;
				CLANG_WARN_OBJC_IMPLICIT_RETAIN_SELF = YES;
				CLANG_WARN_OBJC_LITERAL_CONVERSION = YES;
				CLANG_WARN_OBJC_ROOT_CLASS = YES_ERROR;
				CLANG_WARN_RANGE_LOOP_ANALYSIS = YES;
				CLANG_WARN_STRICT_PROTOTYPES = YES;
				CLANG_WARN_SUSPICIOUS_MOVE = YES;
				CLANG_WARN_UNGUARDED_AVAILABILITY = YES_AGGRESSIVE;
				CLANG_WARN_UNREACHABLE_CODE = YES;
				CLANG_WARN__DUPLICATE_METHOD_MATCH = YES;
				COPY_PHASE_STRIP = NO;
				DEBUG_INFORMATION_FORMAT = dwarf;
				ENABLE_STRICT_OBJC_MSGSEND = YES;
				ENABLE_TESTABILITY = YES;
				GCC_C_LANGUAGE_STANDARD = gnu11;
				GCC_DYNAMIC_NO_PIC = NO;
				GCC_NO_COMMON_BLOCKS = YES;
				GCC_OPTIMIZATION_LEVEL = 0;
				GCC_PREPROCESSOR_DEFINITIONS = (
					"DEBUG=1",
					"$(inherited)",
				);
				GCC_WARN_64_TO_32_BIT_CONVERSION = YES;
				GCC_WARN_ABOUT_RETURN_TYPE = YES_ERROR;
				GCC_WARN_UNDECLARED_SELECTOR = YES;
				GCC_WARN_UNINITIALIZED_AUTOS = YES_AGGRESSIVE;
				GCC_WARN_UNUSED_FUNCTION = YES;
				GCC_WARN_UNUSED_VARIABLE = YES;
				IPHONEOS_DEPLOYMENT_TARGET = 13.5;
				MTL_ENABLE_DEBUG_INFO = INCLUDE_SOURCE;
				MTL_FAST_MATH = YES;
				ONLY_ACTIVE_ARCH = YES;
				SDKROOT = iphoneos;
				SWIFT_ACTIVE_COMPILATION_CONDITIONS = DEBUG;
				SWIFT_OPTIMIZATION_LEVEL = "-Onone";
			};
			name = Debug;
		};
		0AD52C122492B8190060C3BD /* Release */ = {
			isa = XCBuildConfiguration;
			buildSettings = {
				ALWAYS_SEARCH_USER_PATHS = NO;
				CLANG_ANALYZER_NONNULL = YES;
				CLANG_ANALYZER_NUMBER_OBJECT_CONVERSION = YES_AGGRESSIVE;
				CLANG_CXX_LANGUAGE_STANDARD = "gnu++14";
				CLANG_CXX_LIBRARY = "libc++";
				CLANG_ENABLE_MODULES = YES;
				CLANG_ENABLE_OBJC_ARC = YES;
				CLANG_ENABLE_OBJC_WEAK = YES;
				CLANG_WARN_BLOCK_CAPTURE_AUTORELEASING = YES;
				CLANG_WARN_BOOL_CONVERSION = YES;
				CLANG_WARN_COMMA = YES;
				CLANG_WARN_CONSTANT_CONVERSION = YES;
				CLANG_WARN_DEPRECATED_OBJC_IMPLEMENTATIONS = YES;
				CLANG_WARN_DIRECT_OBJC_ISA_USAGE = YES_ERROR;
				CLANG_WARN_DOCUMENTATION_COMMENTS = YES;
				CLANG_WARN_EMPTY_BODY = YES;
				CLANG_WARN_ENUM_CONVERSION = YES;
				CLANG_WARN_INFINITE_RECURSION = YES;
				CLANG_WARN_INT_CONVERSION = YES;
				CLANG_WARN_NON_LITERAL_NULL_CONVERSION = YES;
				CLANG_WARN_OBJC_IMPLICIT_RETAIN_SELF = YES;
				CLANG_WARN_OBJC_LITERAL_CONVERSION = YES;
				CLANG_WARN_OBJC_ROOT_CLASS = YES_ERROR;
				CLANG_WARN_RANGE_LOOP_ANALYSIS = YES;
				CLANG_WARN_STRICT_PROTOTYPES = YES;
				CLANG_WARN_SUSPICIOUS_MOVE = YES;
				CLANG_WARN_UNGUARDED_AVAILABILITY = YES_AGGRESSIVE;
				CLANG_WARN_UNREACHABLE_CODE = YES;
				CLANG_WARN__DUPLICATE_METHOD_MATCH = YES;
				COPY_PHASE_STRIP = NO;
				DEBUG_INFORMATION_FORMAT = "dwarf-with-dsym";
				ENABLE_NS_ASSERTIONS = NO;
				ENABLE_STRICT_OBJC_MSGSEND = YES;
				GCC_C_LANGUAGE_STANDARD = gnu11;
				GCC_NO_COMMON_BLOCKS = YES;
				GCC_WARN_64_TO_32_BIT_CONVERSION = YES;
				GCC_WARN_ABOUT_RETURN_TYPE = YES_ERROR;
				GCC_WARN_UNDECLARED_SELECTOR = YES;
				GCC_WARN_UNINITIALIZED_AUTOS = YES_AGGRESSIVE;
				GCC_WARN_UNUSED_FUNCTION = YES;
				GCC_WARN_UNUSED_VARIABLE = YES;
				IPHONEOS_DEPLOYMENT_TARGET = 13.5;
				MTL_ENABLE_DEBUG_INFO = NO;
				MTL_FAST_MATH = YES;
				SDKROOT = iphoneos;
				SWIFT_COMPILATION_MODE = wholemodule;
				SWIFT_OPTIMIZATION_LEVEL = "-O";
				VALIDATE_PRODUCT = YES;
			};
			name = Release;
		};
		0AD52C142492B8190060C3BD /* Debug */ = {
			isa = XCBuildConfiguration;
			buildSettings = {
				ASSETCATALOG_COMPILER_APPICON_NAME = AppIcon;
				CODE_SIGN_STYLE = Automatic;
				DEVELOPMENT_ASSET_PATHS = "\"EmojiArt/Preview Content\"";
				DEVELOPMENT_TEAM = 8FR9D6557V;
				ENABLE_PREVIEWS = YES;
				INFOPLIST_FILE = EmojiArt/Info.plist;
				LD_RUNPATH_SEARCH_PATHS = (
					"$(inherited)",
					"@executable_path/Frameworks",
				);
				PRODUCT_BUNDLE_IDENTIFIER = Pursuit.EmojiArt;
				PRODUCT_NAME = "$(TARGET_NAME)";
				SWIFT_VERSION = 5.0;
				TARGETED_DEVICE_FAMILY = "1,2";
			};
			name = Debug;
		};
		0AD52C152492B8190060C3BD /* Release */ = {
			isa = XCBuildConfiguration;
			buildSettings = {
				ASSETCATALOG_COMPILER_APPICON_NAME = AppIcon;
				CODE_SIGN_STYLE = Automatic;
				DEVELOPMENT_ASSET_PATHS = "\"EmojiArt/Preview Content\"";
				DEVELOPMENT_TEAM = 8FR9D6557V;
				ENABLE_PREVIEWS = YES;
				INFOPLIST_FILE = EmojiArt/Info.plist;
				LD_RUNPATH_SEARCH_PATHS = (
					"$(inherited)",
					"@executable_path/Frameworks",
				);
				PRODUCT_BUNDLE_IDENTIFIER = Pursuit.EmojiArt;
				PRODUCT_NAME = "$(TARGET_NAME)";
				SWIFT_VERSION = 5.0;
				TARGETED_DEVICE_FAMILY = "1,2";
			};
			name = Release;
		};
/* End XCBuildConfiguration section */

/* Begin XCConfigurationList section */
		0AD52BFA2492B8120060C3BD /* Build configuration list for PBXProject "EmojiArt" */ = {
			isa = XCConfigurationList;
			buildConfigurations = (
				0AD52C112492B8190060C3BD /* Debug */,
				0AD52C122492B8190060C3BD /* Release */,
			);
			defaultConfigurationIsVisible = 0;
			defaultConfigurationName = Release;
		};
		0AD52C132492B8190060C3BD /* Build configuration list for PBXNativeTarget "EmojiArt" */ = {
			isa = XCConfigurationList;
			buildConfigurations = (
				0AD52C142492B8190060C3BD /* Debug */,
				0AD52C152492B8190060C3BD /* Release */,
			);
			defaultConfigurationIsVisible = 0;
			defaultConfigurationName = Release;
		};
/* End XCConfigurationList section */
	};
	rootObject = 0AD52BF72492B8120060C3BD /* Project object */;
}
